// !$*UTF8*$!
{
	archiveVersion = 1;
	classes = {
	};
	objectVersion = 46;
	objects = {

/* Begin PBXBuildFile section */
		A37C70CB1C8BFA5C004B00DD /* AppDelegate.swift in Sources */ = {isa = PBXBuildFile; fileRef = A37C70CA1C8BFA5C004B00DD /* AppDelegate.swift */; };
		A37C70CD1C8BFA5C004B00DD /* ViewController.swift in Sources */ = {isa = PBXBuildFile; fileRef = A37C70CC1C8BFA5C004B00DD /* ViewController.swift */; };
		A37C70D01C8BFA5C004B00DD /* Main.storyboard in Resources */ = {isa = PBXBuildFile; fileRef = A37C70CE1C8BFA5C004B00DD /* Main.storyboard */; };
		A37C70D21C8BFA5C004B00DD /* Assets.xcassets in Resources */ = {isa = PBXBuildFile; fileRef = A37C70D11C8BFA5C004B00DD /* Assets.xcassets */; };
		A37C70D51C8BFA5C004B00DD /* LaunchScreen.storyboard in Resources */ = {isa = PBXBuildFile; fileRef = A37C70D31C8BFA5C004B00DD /* LaunchScreen.storyboard */; };
		A37C70DD1C8BFB39004B00DD /* personData.xml in Resources */ = {isa = PBXBuildFile; fileRef = A37C70DC1C8BFB38004B00DD /* personData.xml */; };
		A37C70DF1C8BFC34004B00DD /* Person.swift in Sources */ = {isa = PBXBuildFile; fileRef = A37C70DE1C8BFC34004B00DD /* Person.swift */; };
		A37C70E11C8BFD7A004B00DD /* PersonParser.swift in Sources */ = {isa = PBXBuildFile; fileRef = A37C70E01C8BFD7A004B00DD /* PersonParser.swift */; };
/* End PBXBuildFile section */

/* Begin PBXFileReference section */
		A37C70C71C8BFA5C004B00DD /* MyParserXml.app */ = {isa = PBXFileReference; explicitFileType = wrapper.application; includeInIndex = 0; path = MyParserXml.app; sourceTree = BUILT_PRODUCTS_DIR; };
		A37C70CA1C8BFA5C004B00DD /* AppDelegate.swift */ = {isa = PBXFileReference; lastKnownFileType = sourcecode.swift; path = AppDelegate.swift; sourceTree = "<group>"; };
		A37C70CC1C8BFA5C004B00DD /* ViewController.swift */ = {isa = PBXFileReference; lastKnownFileType = sourcecode.swift; path = ViewController.swift; sourceTree = "<group>"; };
		A37C70CF1C8BFA5C004B00DD /* Base */ = {isa = PBXFileReference; lastKnownFileType = file.storyboard; name = Base; path = Base.lproj/Main.storyboard; sourceTree = "<group>"; };
		A37C70D11C8BFA5C004B00DD /* Assets.xcassets */ = {isa = PBXFileReference; lastKnownFileType = folder.assetcatalog; path = Assets.xcassets; sourceTree = "<group>"; };
		A37C70D41C8BFA5C004B00DD /* Base */ = {isa = PBXFileReference; lastKnownFileType = file.storyboard; name = Base; path = Base.lproj/LaunchScreen.storyboard; sourceTree = "<group>"; };
		A37C70D61C8BFA5C004B00DD /* Info.plist */ = {isa = PBXFileReference; lastKnownFileType = text.plist.xml; path = Info.plist; sourceTree = "<group>"; };
		A37C70DC1C8BFB38004B00DD /* personData.xml */ = {isa = PBXFileReference; fileEncoding = 4; lastKnownFileType = text.xml; path = personData.xml; sourceTree = "<group>"; };
		A37C70DE1C8BFC34004B00DD /* Person.swift */ = {isa = PBXFileReference; fileEncoding = 4; lastKnownFileType = sourcecode.swift; path = Person.swift; sourceTree = "<group>"; };
		A37C70E01C8BFD7A004B00DD /* PersonParser.swift */ = {isa = PBXFileReference; fileEncoding = 4; lastKnownFileType = sourcecode.swift; path = PersonParser.swift; sourceTree = "<group>"; };
/* End PBXFileReference section */

/* Begin PBXFrameworksBuildPhase section */
		A37C70C41C8BFA5C004B00DD /* Frameworks */ = {
			isa = PBXFrameworksBuildPhase;
			buildActionMask = 2147483647;
			files = (
			);
			runOnlyForDeploymentPostprocessing = 0;
		};
/* End PBXFrameworksBuildPhase section */

/* Begin PBXGroup section */
		A37C70BE1C8BFA5C004B00DD = {
			isa = PBXGroup;
			children = (
				A37C70C91C8BFA5C004B00DD /* MyParserXml */,
				A37C70C81C8BFA5C004B00DD /* Products */,
			);
			sourceTree = "<group>";
		};
		A37C70C81C8BFA5C004B00DD /* Products */ = {
			isa = PBXGroup;
			children = (
				A37C70C71C8BFA5C004B00DD /* MyParserXml.app */,
			);
			name = Products;
			sourceTree = "<group>";
		};
		A37C70C91C8BFA5C004B00DD /* MyParserXml */ = {
			isa = PBXGroup;
			children = (
				A37C70CA1C8BFA5C004B00DD /* AppDelegate.swift */,
				A37C70CC1C8BFA5C004B00DD /* ViewController.swift */,
				A37C70CE1C8BFA5C004B00DD /* Main.storyboard */,
				A37C70D11C8BFA5C004B00DD /* Assets.xcassets */,
				A37C70D31C8BFA5C004B00DD /* LaunchScreen.storyboard */,
				A37C70D61C8BFA5C004B00DD /* Info.plist */,
				A37C70DC1C8BFB38004B00DD /* personData.xml */,
				A37C70DE1C8BFC34004B00DD /* Person.swift */,
				A37C70E01C8BFD7A004B00DD /* PersonParser.swift */,
			);
			path = MyParserXml;
			sourceTree = "<group>";
		};
/* End PBXGroup section */

/* Begin PBXNativeTarget section */
		A37C70C61C8BFA5C004B00DD /* MyParserXml */ = {
			isa = PBXNativeTarget;
			buildConfigurationList = A37C70D91C8BFA5C004B00DD /* Build configuration list for PBXNativeTarget "MyParserXml" */;
			buildPhases = (
				A37C70C31C8BFA5C004B00DD /* Sources */,
				A37C70C41C8BFA5C004B00DD /* Frameworks */,
				A37C70C51C8BFA5C004B00DD /* Resources */,
			);
			buildRules = (
			);
			dependencies = (
			);
			name = MyParserXml;
			productName = MyParserXml;
			productReference = A37C70C71C8BFA5C004B00DD /* MyParserXml.app */;
			productType = "com.apple.product-type.application";
		};
/* End PBXNativeTarget section */

/* Begin PBXProject section */
		A37C70BF1C8BFA5C004B00DD /* Project object */ = {
			isa = PBXProject;
			attributes = {
				LastSwiftUpdateCheck = 0720;
				LastUpgradeCheck = 0720;
				ORGANIZATIONNAME = qinjuan;
				TargetAttributes = {
					A37C70C61C8BFA5C004B00DD = {
						CreatedOnToolsVersion = 7.2;
					};
				};
			};
			buildConfigurationList = A37C70C21C8BFA5C004B00DD /* Build configuration list for PBXProject "MyParserXml" */;
			compatibilityVersion = "Xcode 3.2";
			developmentRegion = English;
			hasScannedForEncodings = 0;
			knownRegions = (
				en,
				Base,
			);
			mainGroup = A37C70BE1C8BFA5C004B00DD;
			productRefGroup = A37C70C81C8BFA5C004B00DD /* Products */;
			projectDirPath = "";
			projectRoot = "";
			targets = (
				A37C70C61C8BFA5C004B00DD /* MyParserXml */,
			);
		};
/* End PBXProject section */

/* Begin PBXResourcesBuildPhase section */
		A37C70C51C8BFA5C004B00DD /* Resources */ = {
			isa = PBXResourcesBuildPhase;
			buildActionMask = 2147483647;
			files = (
				A37C70D51C8BFA5C004B00DD /* LaunchScreen.storyboard in Resources */,
				A37C70D21C8BFA5C004B00DD /* Assets.xcassets in Resources */,
				A37C70DD1C8BFB39004B00DD /* personData.xml in Resources */,
				A37C70D01C8BFA5C004B00DD /* Main.storyboard in Resources */,
			);
			runOnlyForDeploymentPostprocessing = 0;
		};
/* End PBXResourcesBuildPhase section */

/* Begin PBXSourcesBuildPhase section */
		A37C70C31C8BFA5C004B00DD /* Sources */ = {
			isa = PBXSourcesBuildPhase;
			buildActionMask = 2147483647;
			files = (
				A37C70CD1C8BFA5C004B00DD /* ViewController.swift in Sources */,
				A37C70E11C8BFD7A004B00DD /* PersonParser.swift in Sources */,
				A37C70DF1C8BFC34004B00DD /* Person.swift in Sources */,
				A37C70CB1C8BFA5C004B00DD /* AppDelegate.swift in Sources */,
			);
			runOnlyForDeploymentPostprocessing = 0;
		};
/* End PBXSourcesBuildPhase section */

/* Begin PBXVariantGroup section */
		A37C70CE1C8BFA5C004B00DD /* Main.storyboard */ = {
			isa = PBXVariantGroup;
			children = (
				A37C70CF1C8BFA5C004B00DD /* Base */,
			);
			name = Main.storyboard;
			sourceTree = "<group>";
		};
		A37C70D31C8BFA5C004B00DD /* LaunchScreen.storyboard */ = {
			isa = PBXVariantGroup;
			children = (
				A37C70D41C8BFA5C004B00DD /* Base */,
			);
			name = LaunchScreen.storyboard;
			sourceTree = "<group>";
		};
/* End PBXVariantGroup section */

/* Begin XCBuildConfiguration section */
		A37C70D71C8BFA5C004B00DD /* Debug */ = {
			isa = XCBuildConfiguration;
			buildSettings = {
				ALWAYS_SEARCH_USER_PATHS = NO;
				CLANG_CXX_LANGUAGE_STANDARD = "gnu++0x";
				CLANG_CXX_LIBRARY = "libc++";
				CLANG_ENABLE_MODULES = YES;
				CLANG_ENABLE_OBJC_ARC = YES;
				CLANG_WARN_BOOL_CONVERSION = YES;
				CLANG_WARN_CONSTANT_CONVERSION = YES;
				CLANG_WARN_DIRECT_OBJC_ISA_USAGE = YES_ERROR;
				CLANG_WARN_EMPTY_BODY = YES;
				CLANG_WARN_ENUM_CONVERSION = YES;
				CLANG_WARN_INT_CONVERSION = YES;
				CLANG_WARN_OBJC_ROOT_CLASS = YES_ERROR;
				CLANG_WARN_UNREACHABLE_CODE = YES;
				CLANG_WARN__DUPLICATE_METHOD_MATCH = YES;
				"CODE_SIGN_IDENTITY[sdk=iphoneos*]" = "iPhone Developer";
				COPY_PHASE_STRIP = NO;
				DEBUG_INFORMATION_FORMAT = dwarf;
				ENABLE_STRICT_OBJC_MSGSEND = YES;
				ENABLE_TESTABILITY = YES;
				GCC_C_LANGUAGE_STANDARD = gnu99;
				GCC_DYNAMIC_NO_PIC = NO;
				GCC_NO_COMMON_BLOCKS = YES;
				GCC_OPTIMIZATION_LEVEL = 0;
				GCC_PREPROCESSOR_DEFINITIONS = (
					"DEBUG=1",
					"$(inherited)",
				);
				GCC_WARN_64_TO_32_BIT_CONVERSION = YES;
				GCC_WARN_ABOUT_RETURN_TYPE = YES_ERROR;
				GCC_WARN_UNDECLARED_SELECTOR = YES;
				GCC_WARN_UNINITIALIZED_AUTOS = YES_AGGRESSIVE;
				GCC_WARN_UNUSED_FUNCTION = YES;
				GCC_WARN_UNUSED_VARIABLE = YES;
				IPHONEOS_DEPLOYMENT_TARGET = 9.2;
				MTL_ENABLE_DEBUG_INFO = YES;
				ONLY_ACTIVE_ARCH = YES;
				SDKROOT = iphoneos;
				SWIFT_OPTIMIZATION_LEVEL = "-Onone";
			};
			name = Debug;
		};
		A37C70D81C8BFA5C004B00DD /* Release */ = {
			isa = XCBuildConfiguration;
			buildSettings = {
				ALWAYS_SEARCH_USER_PATHS = NO;
				CLANG_CXX_LANGUAGE_STANDARD = "gnu++0x";
				CLANG_CXX_LIBRARY = "libc++";
				CLANG_ENABLE_MODULES = YES;
				CLANG_ENABLE_OBJC_ARC = YES;
				CLANG_WARN_BOOL_CONVERSION = YES;
				CLANG_WARN_CONSTANT_CONVERSION = YES;
				CLANG_WARN_DIRECT_OBJC_ISA_USAGE = YES_ERROR;
				CLANG_WARN_EMPTY_BODY = YES;
				CLANG_WARN_ENUM_CONVERSION = YES;
				CLANG_WARN_INT_CONVERSION = YES;
				CLANG_WARN_OBJC_ROOT_CLASS = YES_ERROR;
				CLANG_WARN_UNREACHABLE_CODE = YES;
				CLANG_WARN__DUPLICATE_METHOD_MATCH = YES;
				"CODE_SIGN_IDENTITY[sdk=iphoneos*]" = "iPhone Developer";
				COPY_PHASE_STRIP = NO;
				DEBUG_INFORMATION_FORMAT = "dwarf-with-dsym";
				ENABLE_NS_ASSERTIONS = NO;
				ENABLE_STRICT_OBJC_MSGSEND = YES;
				GCC_C_LANGUAGE_STANDARD = gnu99;
				GCC_NO_COMMON_BLOCKS = YES;
				GCC_WARN_64_TO_32_BIT_CONVERSION = YES;
				GCC_WARN_ABOUT_RETURN_TYPE = YES_ERROR;
				GCC_WARN_UNDECLARED_SELECTOR = YES;
				GCC_WARN_UNINITIALIZED_AUTOS = YES_AGGRESSIVE;
				GCC_WARN_UNUSED_FUNCTION = YES;
				GCC_WARN_UNUSED_VARIABLE = YES;
				IPHONEOS_DEPLOYMENT_TARGET = 9.2;
				MTL_ENABLE_DEBUG_INFO = NO;
				SDKROOT = iphoneos;
				VALIDATE_PRODUCT = YES;
			};
			name = Release;
		};
		A37C70DA1C8BFA5C004B00DD /* Debug */ = {
			isa = XCBuildConfiguration;
			buildSettings = {
				ASSETCATALOG_COMPILER_APPICON_NAME = AppIcon;
				INFOPLIST_FILE = MyParserXml/Info.plist;
				LD_RUNPATH_SEARCH_PATHS = "$(inherited) @executable_path/Frameworks";
				PRODUCT_BUNDLE_IDENTIFIER = qj.MyParserXml;
				PRODUCT_NAME = "$(TARGET_NAME)";
			};
			name = Debug;
		};
		A37C70DB1C8BFA5C004B00DD /* Release */ = {
			isa = XCBuildConfiguration;
			buildSettings = {
				ASSETCATALOG_COMPILER_APPICON_NAME = AppIcon;
				INFOPLIST_FILE = MyParserXml/Info.plist;
				LD_RUNPATH_SEARCH_PATHS = "$(inherited) @executable_path/Frameworks";
				PRODUCT_BUNDLE_IDENTIFIER = qj.MyParserXml;
				PRODUCT_NAME = "$(TARGET_NAME)";
			};
			name = Release;
		};
/* End XCBuildConfiguration section */

/* Begin XCConfigurationList section */
		A37C70C21C8BFA5C004B00DD /* Build configuration list for PBXProject "MyParserXml" */ = {
			isa = XCConfigurationList;
			buildConfigurations = (
				A37C70D71C8BFA5C004B00DD /* Debug */,
				A37C70D81C8BFA5C004B00DD /* Release */,
			);
			defaultConfigurationIsVisible = 0;
			defaultConfigurationName = Release;
		};
		A37C70D91C8BFA5C004B00DD /* Build configuration list for PBXNativeTarget "MyParserXml" */ = {
			isa = XCConfigurationList;
			buildConfigurations = (
				A37C70DA1C8BFA5C004B00DD /* Debug */,
				A37C70DB1C8BFA5C004B00DD /* Release */,
			);
			defaultConfigurationIsVisible = 0;
		};
/* End XCConfigurationList section */
	};
	rootObject = A37C70BF1C8BFA5C004B00DD /* Project object */;
}
