// !$*UTF8*$!
{
	archiveVersion = 1;
	classes = {
	};
	objectVersion = 46;
	objects = {

/* Begin PBXBuildFile section */
		A3BC99A31C8EBA21006D44BC /* AppDelegate.swift in Sources */ = {isa = PBXBuildFile; fileRef = A3BC99A21C8EBA21006D44BC /* AppDelegate.swift */; };
		A3BC99A51C8EBA21006D44BC /* ViewController.swift in Sources */ = {isa = PBXBuildFile; fileRef = A3BC99A41C8EBA21006D44BC /* ViewController.swift */; };
		A3BC99A81C8EBA21006D44BC /* Main.storyboard in Resources */ = {isa = PBXBuildFile; fileRef = A3BC99A61C8EBA21006D44BC /* Main.storyboard */; };
		A3BC99AA1C8EBA21006D44BC /* Assets.xcassets in Resources */ = {isa = PBXBuildFile; fileRef = A3BC99A91C8EBA21006D44BC /* Assets.xcassets */; };
		A3BC99AD1C8EBA21006D44BC /* LaunchScreen.storyboard in Resources */ = {isa = PBXBuildFile; fileRef = A3BC99AB1C8EBA21006D44BC /* LaunchScreen.storyboard */; };
		A3BC99B71C8EBADE006D44BC /* data.json in Resources */ = {isa = PBXBuildFile; fileRef = A3BC99B61C8EBADE006D44BC /* data.json */; };
/* End PBXBuildFile section */

/* Begin PBXFileReference section */
		A3BC999F1C8EBA21006D44BC /* MyParserJsonByNSJSONSerialization.app */ = {isa = PBXFileReference; explicitFileType = wrapper.application; includeInIndex = 0; path = MyParserJsonByNSJSONSerialization.app; sourceTree = BUILT_PRODUCTS_DIR; };
		A3BC99A21C8EBA21006D44BC /* AppDelegate.swift */ = {isa = PBXFileReference; lastKnownFileType = sourcecode.swift; path = AppDelegate.swift; sourceTree = "<group>"; };
		A3BC99A41C8EBA21006D44BC /* ViewController.swift */ = {isa = PBXFileReference; lastKnownFileType = sourcecode.swift; path = ViewController.swift; sourceTree = "<group>"; };
		A3BC99A71C8EBA21006D44BC /* Base */ = {isa = PBXFileReference; lastKnownFileType = file.storyboard; name = Base; path = Base.lproj/Main.storyboard; sourceTree = "<group>"; };
		A3BC99A91C8EBA21006D44BC /* Assets.xcassets */ = {isa = PBXFileReference; lastKnownFileType = folder.assetcatalog; path = Assets.xcassets; sourceTree = "<group>"; };
		A3BC99AC1C8EBA21006D44BC /* Base */ = {isa = PBXFileReference; lastKnownFileType = file.storyboard; name = Base; path = Base.lproj/LaunchScreen.storyboard; sourceTree = "<group>"; };
		A3BC99AE1C8EBA21006D44BC /* Info.plist */ = {isa = PBXFileReference; lastKnownFileType = text.plist.xml; path = Info.plist; sourceTree = "<group>"; };
		A3BC99B61C8EBADE006D44BC /* data.json */ = {isa = PBXFileReference; fileEncoding = 4; lastKnownFileType = text.json; name = data.json; path = ../data.json; sourceTree = "<group>"; };
/* End PBXFileReference section */

/* Begin PBXFrameworksBuildPhase section */
		A3BC999C1C8EBA21006D44BC /* Frameworks */ = {
			isa = PBXFrameworksBuildPhase;
			buildActionMask = 2147483647;
			files = (
			);
			runOnlyForDeploymentPostprocessing = 0;
		};
/* End PBXFrameworksBuildPhase section */

/* Begin PBXGroup section */
		A3BC99961C8EBA21006D44BC = {
			isa = PBXGroup;
			children = (
				A3BC99A11C8EBA21006D44BC /* MyParserJsonByNSJSONSerialization */,
				A3BC99A01C8EBA21006D44BC /* Products */,
			);
			sourceTree = "<group>";
		};
		A3BC99A01C8EBA21006D44BC /* Products */ = {
			isa = PBXGroup;
			children = (
				A3BC999F1C8EBA21006D44BC /* MyParserJsonByNSJSONSerialization.app */,
			);
			name = Products;
			sourceTree = "<group>";
		};
		A3BC99A11C8EBA21006D44BC /* MyParserJsonByNSJSONSerialization */ = {
			isa = PBXGroup;
			children = (
				A3BC99A21C8EBA21006D44BC /* AppDelegate.swift */,
				A3BC99A41C8EBA21006D44BC /* ViewController.swift */,
				A3BC99A61C8EBA21006D44BC /* Main.storyboard */,
				A3BC99A91C8EBA21006D44BC /* Assets.xcassets */,
				A3BC99AB1C8EBA21006D44BC /* LaunchScreen.storyboard */,
				A3BC99B61C8EBADE006D44BC /* data.json */,
				A3BC99AE1C8EBA21006D44BC /* Info.plist */,
			);
			path = MyParserJsonByNSJSONSerialization;
			sourceTree = "<group>";
		};
/* End PBXGroup section */

/* Begin PBXNativeTarget section */
		A3BC999E1C8EBA21006D44BC /* MyParserJsonByNSJSONSerialization */ = {
			isa = PBXNativeTarget;
			buildConfigurationList = A3BC99B11C8EBA21006D44BC /* Build configuration list for PBXNativeTarget "MyParserJsonByNSJSONSerialization" */;
			buildPhases = (
				A3BC999B1C8EBA21006D44BC /* Sources */,
				A3BC999C1C8EBA21006D44BC /* Frameworks */,
				A3BC999D1C8EBA21006D44BC /* Resources */,
			);
			buildRules = (
			);
			dependencies = (
			);
			name = MyParserJsonByNSJSONSerialization;
			productName = MyParserJsonByNSJSONSerialization;
			productReference = A3BC999F1C8EBA21006D44BC /* MyParserJsonByNSJSONSerialization.app */;
			productType = "com.apple.product-type.application";
		};
/* End PBXNativeTarget section */

/* Begin PBXProject section */
		A3BC99971C8EBA21006D44BC /* Project object */ = {
			isa = PBXProject;
			attributes = {
				LastSwiftUpdateCheck = 0720;
				LastUpgradeCheck = 0720;
				ORGANIZATIONNAME = qinjuan;
				TargetAttributes = {
					A3BC999E1C8EBA21006D44BC = {
						CreatedOnToolsVersion = 7.2;
					};
				};
			};
			buildConfigurationList = A3BC999A1C8EBA21006D44BC /* Build configuration list for PBXProject "MyParserJsonByNSJSONSerialization" */;
			compatibilityVersion = "Xcode 3.2";
			developmentRegion = English;
			hasScannedForEncodings = 0;
			knownRegions = (
				en,
				Base,
			);
			mainGroup = A3BC99961C8EBA21006D44BC;
			productRefGroup = A3BC99A01C8EBA21006D44BC /* Products */;
			projectDirPath = "";
			projectRoot = "";
			targets = (
				A3BC999E1C8EBA21006D44BC /* MyParserJsonByNSJSONSerialization */,
			);
		};
/* End PBXProject section */

/* Begin PBXResourcesBuildPhase section */
		A3BC999D1C8EBA21006D44BC /* Resources */ = {
			isa = PBXResourcesBuildPhase;
			buildActionMask = 2147483647;
			files = (
				A3BC99AD1C8EBA21006D44BC /* LaunchScreen.storyboard in Resources */,
				A3BC99AA1C8EBA21006D44BC /* Assets.xcassets in Resources */,
				A3BC99A81C8EBA21006D44BC /* Main.storyboard in Resources */,
				A3BC99B71C8EBADE006D44BC /* data.json in Resources */,
			);
			runOnlyForDeploymentPostprocessing = 0;
		};
/* End PBXResourcesBuildPhase section */

/* Begin PBXSourcesBuildPhase section */
		A3BC999B1C8EBA21006D44BC /* Sources */ = {
			isa = PBXSourcesBuildPhase;
			buildActionMask = 2147483647;
			files = (
				A3BC99A51C8EBA21006D44BC /* ViewController.swift in Sources */,
				A3BC99A31C8EBA21006D44BC /* AppDelegate.swift in Sources */,
			);
			runOnlyForDeploymentPostprocessing = 0;
		};
/* End PBXSourcesBuildPhase section */

/* Begin PBXVariantGroup section */
		A3BC99A61C8EBA21006D44BC /* Main.storyboard */ = {
			isa = PBXVariantGroup;
			children = (
				A3BC99A71C8EBA21006D44BC /* Base */,
			);
			name = Main.storyboard;
			sourceTree = "<group>";
		};
		A3BC99AB1C8EBA21006D44BC /* LaunchScreen.storyboard */ = {
			isa = PBXVariantGroup;
			children = (
				A3BC99AC1C8EBA21006D44BC /* Base */,
			);
			name = LaunchScreen.storyboard;
			sourceTree = "<group>";
		};
/* End PBXVariantGroup section */

/* Begin XCBuildConfiguration section */
		A3BC99AF1C8EBA21006D44BC /* Debug */ = {
			isa = XCBuildConfiguration;
			buildSettings = {
				ALWAYS_SEARCH_USER_PATHS = NO;
				CLANG_CXX_LANGUAGE_STANDARD = "gnu++0x";
				CLANG_CXX_LIBRARY = "libc++";
				CLANG_ENABLE_MODULES = YES;
				CLANG_ENABLE_OBJC_ARC = YES;
				CLANG_WARN_BOOL_CONVERSION = YES;
				CLANG_WARN_CONSTANT_CONVERSION = YES;
				CLANG_WARN_DIRECT_OBJC_ISA_USAGE = YES_ERROR;
				CLANG_WARN_EMPTY_BODY = YES;
				CLANG_WARN_ENUM_CONVERSION = YES;
				CLANG_WARN_INT_CONVERSION = YES;
				CLANG_WARN_OBJC_ROOT_CLASS = YES_ERROR;
				CLANG_WARN_UNREACHABLE_CODE = YES;
				CLANG_WARN__DUPLICATE_METHOD_MATCH = YES;
				"CODE_SIGN_IDENTITY[sdk=iphoneos*]" = "iPhone Developer";
				COPY_PHASE_STRIP = NO;
				DEBUG_INFORMATION_FORMAT = dwarf;
				ENABLE_STRICT_OBJC_MSGSEND = YES;
				ENABLE_TESTABILITY = YES;
				GCC_C_LANGUAGE_STANDARD = gnu99;
				GCC_DYNAMIC_NO_PIC = NO;
				GCC_NO_COMMON_BLOCKS = YES;
				GCC_OPTIMIZATION_LEVEL = 0;
				GCC_PREPROCESSOR_DEFINITIONS = (
					"DEBUG=1",
					"$(inherited)",
				);
				GCC_WARN_64_TO_32_BIT_CONVERSION = YES;
				GCC_WARN_ABOUT_RETURN_TYPE = YES_ERROR;
				GCC_WARN_UNDECLARED_SELECTOR = YES;
				GCC_WARN_UNINITIALIZED_AUTOS = YES_AGGRESSIVE;
				GCC_WARN_UNUSED_FUNCTION = YES;
				GCC_WARN_UNUSED_VARIABLE = YES;
				IPHONEOS_DEPLOYMENT_TARGET = 9.2;
				MTL_ENABLE_DEBUG_INFO = YES;
				ONLY_ACTIVE_ARCH = YES;
				SDKROOT = iphoneos;
				SWIFT_OPTIMIZATION_LEVEL = "-Onone";
			};
			name = Debug;
		};
		A3BC99B01C8EBA21006D44BC /* Release */ = {
			isa = XCBuildConfiguration;
			buildSettings = {
				ALWAYS_SEARCH_USER_PATHS = NO;
				CLANG_CXX_LANGUAGE_STANDARD = "gnu++0x";
				CLANG_CXX_LIBRARY = "libc++";
				CLANG_ENABLE_MODULES = YES;
				CLANG_ENABLE_OBJC_ARC = YES;
				CLANG_WARN_BOOL_CONVERSION = YES;
				CLANG_WARN_CONSTANT_CONVERSION = YES;
				CLANG_WARN_DIRECT_OBJC_ISA_USAGE = YES_ERROR;
				CLANG_WARN_EMPTY_BODY = YES;
				CLANG_WARN_ENUM_CONVERSION = YES;
				CLANG_WARN_INT_CONVERSION = YES;
				CLANG_WARN_OBJC_ROOT_CLASS = YES_ERROR;
				CLANG_WARN_UNREACHABLE_CODE = YES;
				CLANG_WARN__DUPLICATE_METHOD_MATCH = YES;
				"CODE_SIGN_IDENTITY[sdk=iphoneos*]" = "iPhone Developer";
				COPY_PHASE_STRIP = NO;
				DEBUG_INFORMATION_FORMAT = "dwarf-with-dsym";
				ENABLE_NS_ASSERTIONS = NO;
				ENABLE_STRICT_OBJC_MSGSEND = YES;
				GCC_C_LANGUAGE_STANDARD = gnu99;
				GCC_NO_COMMON_BLOCKS = YES;
				GCC_WARN_64_TO_32_BIT_CONVERSION = YES;
				GCC_WARN_ABOUT_RETURN_TYPE = YES_ERROR;
				GCC_WARN_UNDECLARED_SELECTOR = YES;
				GCC_WARN_UNINITIALIZED_AUTOS = YES_AGGRESSIVE;
				GCC_WARN_UNUSED_FUNCTION = YES;
				GCC_WARN_UNUSED_VARIABLE = YES;
				IPHONEOS_DEPLOYMENT_TARGET = 9.2;
				MTL_ENABLE_DEBUG_INFO = NO;
				SDKROOT = iphoneos;
				VALIDATE_PRODUCT = YES;
			};
			name = Release;
		};
		A3BC99B21C8EBA21006D44BC /* Debug */ = {
			isa = XCBuildConfiguration;
			buildSettings = {
				ASSETCATALOG_COMPILER_APPICON_NAME = AppIcon;
				INFOPLIST_FILE = MyParserJsonByNSJSONSerialization/Info.plist;
				LD_RUNPATH_SEARCH_PATHS = "$(inherited) @executable_path/Frameworks";
				PRODUCT_BUNDLE_IDENTIFIER = qj.MyParserJsonByNSJSONSerialization;
				PRODUCT_NAME = "$(TARGET_NAME)";
			};
			name = Debug;
		};
		A3BC99B31C8EBA21006D44BC /* Release */ = {
			isa = XCBuildConfiguration;
			buildSettings = {
				ASSETCATALOG_COMPILER_APPICON_NAME = AppIcon;
				INFOPLIST_FILE = MyParserJsonByNSJSONSerialization/Info.plist;
				LD_RUNPATH_SEARCH_PATHS = "$(inherited) @executable_path/Frameworks";
				PRODUCT_BUNDLE_IDENTIFIER = qj.MyParserJsonByNSJSONSerialization;
				PRODUCT_NAME = "$(TARGET_NAME)";
			};
			name = Release;
		};
/* End XCBuildConfiguration section */

/* Begin XCConfigurationList section */
		A3BC999A1C8EBA21006D44BC /* Build configuration list for PBXProject "MyParserJsonByNSJSONSerialization" */ = {
			isa = XCConfigurationList;
			buildConfigurations = (
				A3BC99AF1C8EBA21006D44BC /* Debug */,
				A3BC99B01C8EBA21006D44BC /* Release */,
			);
			defaultConfigurationIsVisible = 0;
			defaultConfigurationName = Release;
		};
		A3BC99B11C8EBA21006D44BC /* Build configuration list for PBXNativeTarget "MyParserJsonByNSJSONSerialization" */ = {
			isa = XCConfigurationList;
			buildConfigurations = (
				A3BC99B21C8EBA21006D44BC /* Debug */,
				A3BC99B31C8EBA21006D44BC /* Release */,
			);
			defaultConfigurationIsVisible = 0;
		};
/* End XCConfigurationList section */
	};
	rootObject = A3BC99971C8EBA21006D44BC /* Project object */;
}
